
Microsoft Visual Studio Solution File, Format Version 12.00
# Visual Studio 15
VisualStudioVersion = 15.0.28307.329
MinimumVisualStudioVersion = 10.0.40219.1
Project("{FAE04EC0-301F-11D3-BF4B-00C04F79EFBC}") = "WinFormsApp", "WinFormsApp\WinFormsApp.csproj", "{3C6E642E-1D0D-4EBE-A3E6-6637CD54480D}"
EndProject
Global
	GlobalSection(SolutionConfigurationPlatforms) = preSolution
		Debug|Any CPU = Debug|Any CPU
		Release|Any CPU = Release|Any CPU
	EndGlobalSection
	GlobalSection(ProjectConfigurationPlatforms) = postSolution
		{3C6E642E-1D0D-4EBE-A3E6-6637CD54480D}.Debug|Any CPU.ActiveCfg = Debug|Any CPU
		{3C6E642E-1D0D-4EBE-A3E6-6637CD54480D}.Debug|Any CPU.Build.0 = Debug|Any CPU
		{3C6E642E-1D0D-4EBE-A3E6-6637CD54480D}.Release|Any CPU.ActiveCfg = Release|Any CPU
		{3C6E642E-1D0D-4EBE-A3E6-6637CD54480D}.Release|Any CPU.Build.0 = Release|Any CPU
	EndGlobalSection
	GlobalSection(SolutionProperties) = preSolution
		HideSolutionNode = FALSE
	EndGlobalSection
	GlobalSection(ExtensibilityGlobals) = postSolution
		SolutionGuid = {42BD4372-1860-4ABA-9615-E66EE5D53238}
	EndGlobalSection
EndGlobal
